// !$*UTF8*$!
{
	archiveVersion = 1;
	classes = {
	};
	objectVersion = 48;
	objects = {

/* Begin PBXBuildFile section */
		ADAAA0711FD84C2600073FF2 /* AppDelegate.m in Sources */ = {isa = PBXBuildFile; fileRef = ADAAA0701FD84C2600073FF2 /* AppDelegate.m */; };
		ADAAA0741FD84C2600073FF2 /* ViewController.m in Sources */ = {isa = PBXBuildFile; fileRef = ADAAA0731FD84C2600073FF2 /* ViewController.m */; };
		ADAAA0771FD84C2600073FF2 /* Main.storyboard in Resources */ = {isa = PBXBuildFile; fileRef = ADAAA0751FD84C2600073FF2 /* Main.storyboard */; };
		ADAAA0791FD84C2600073FF2 /* Assets.xcassets in Resources */ = {isa = PBXBuildFile; fileRef = ADAAA0781FD84C2600073FF2 /* Assets.xcassets */; };
		ADAAA07C1FD84C2600073FF2 /* LaunchScreen.storyboard in Resources */ = {isa = PBXBuildFile; fileRef = ADAAA07A1FD84C2600073FF2 /* LaunchScreen.storyboard */; };
		ADAAA07F1FD84C2600073FF2 /* main.m in Sources */ = {isa = PBXBuildFile; fileRef = ADAAA07E1FD84C2600073FF2 /* main.m */; };
		ADAAA09B1FDAE8CD00073FF2 /* SBTPerson.m in Sources */ = {isa = PBXBuildFile; fileRef = ADAAA0941FDAE8CC00073FF2 /* SBTPerson.m */; };
		ADAAA09C1FDAE8CD00073FF2 /* SBTPersonProvider.m in Sources */ = {isa = PBXBuildFile; fileRef = ADAAA0991FDAE8CD00073FF2 /* SBTPersonProvider.m */; };
		ADAAA09D1FDAE8CD00073FF2 /* SBTService.m in Sources */ = {isa = PBXBuildFile; fileRef = ADAAA09A1FDAE8CD00073FF2 /* SBTService.m */; };
		ADAAA0A41FDAF44700073FF2 /* SBTServiceTests.m in Sources */ = {isa = PBXBuildFile; fileRef = ADAAA0A31FDAF44700073FF2 /* SBTServiceTests.m */; };
/* End PBXBuildFile section */

/* Begin PBXContainerItemProxy section */
		ADAAA0851FD84C2600073FF2 /* PBXContainerItemProxy */ = {
			isa = PBXContainerItemProxy;
			containerPortal = ADAAA0641FD84C2600073FF2 /* Project object */;
			proxyType = 1;
			remoteGlobalIDString = ADAAA06B1FD84C2600073FF2;
			remoteInfo = School_2;
		};
/* End PBXContainerItemProxy section */

/* Begin PBXFileReference section */
		ADAAA06C1FD84C2600073FF2 /* School_2.app */ = {isa = PBXFileReference; explicitFileType = wrapper.application; includeInIndex = 0; path = School_2.app; sourceTree = BUILT_PRODUCTS_DIR; };
		ADAAA06F1FD84C2600073FF2 /* AppDelegate.h */ = {isa = PBXFileReference; lastKnownFileType = sourcecode.c.h; path = AppDelegate.h; sourceTree = "<group>"; };
		ADAAA0701FD84C2600073FF2 /* AppDelegate.m */ = {isa = PBXFileReference; lastKnownFileType = sourcecode.c.objc; path = AppDelegate.m; sourceTree = "<group>"; };
		ADAAA0721FD84C2600073FF2 /* ViewController.h */ = {isa = PBXFileReference; lastKnownFileType = sourcecode.c.h; path = ViewController.h; sourceTree = "<group>"; };
		ADAAA0731FD84C2600073FF2 /* ViewController.m */ = {isa = PBXFileReference; lastKnownFileType = sourcecode.c.objc; path = ViewController.m; sourceTree = "<group>"; };
		ADAAA0761FD84C2600073FF2 /* Base */ = {isa = PBXFileReference; lastKnownFileType = file.storyboard; name = Base; path = Base.lproj/Main.storyboard; sourceTree = "<group>"; };
		ADAAA0781FD84C2600073FF2 /* Assets.xcassets */ = {isa = PBXFileReference; lastKnownFileType = folder.assetcatalog; path = Assets.xcassets; sourceTree = "<group>"; };
		ADAAA07B1FD84C2600073FF2 /* Base */ = {isa = PBXFileReference; lastKnownFileType = file.storyboard; name = Base; path = Base.lproj/LaunchScreen.storyboard; sourceTree = "<group>"; };
		ADAAA07D1FD84C2600073FF2 /* Info.plist */ = {isa = PBXFileReference; lastKnownFileType = text.plist.xml; path = Info.plist; sourceTree = "<group>"; };
		ADAAA07E1FD84C2600073FF2 /* main.m */ = {isa = PBXFileReference; lastKnownFileType = sourcecode.c.objc; path = main.m; sourceTree = "<group>"; };
		ADAAA0841FD84C2600073FF2 /* School_2Tests.xctest */ = {isa = PBXFileReference; explicitFileType = wrapper.cfbundle; includeInIndex = 0; path = School_2Tests.xctest; sourceTree = BUILT_PRODUCTS_DIR; };
		ADAAA08A1FD84C2600073FF2 /* Info.plist */ = {isa = PBXFileReference; lastKnownFileType = text.plist.xml; path = Info.plist; sourceTree = "<group>"; };
		ADAAA0931FDAE8CC00073FF2 /* SBTService.h */ = {isa = PBXFileReference; fileEncoding = 4; lastKnownFileType = sourcecode.c.h; path = SBTService.h; sourceTree = "<group>"; };
		ADAAA0941FDAE8CC00073FF2 /* SBTPerson.m */ = {isa = PBXFileReference; fileEncoding = 4; lastKnownFileType = sourcecode.c.objc; path = SBTPerson.m; sourceTree = "<group>"; };
		ADAAA0951FDAE8CC00073FF2 /* SBTPerson.h */ = {isa = PBXFileReference; fileEncoding = 4; lastKnownFileType = sourcecode.c.h; path = SBTPerson.h; sourceTree = "<group>"; };
		ADAAA0961FDAE8CC00073FF2 /* SBTPersonProvider.h */ = {isa = PBXFileReference; fileEncoding = 4; lastKnownFileType = sourcecode.c.h; path = SBTPersonProvider.h; sourceTree = "<group>"; };
		ADAAA0971FDAE8CC00073FF2 /* SBTServiceProtocol.h */ = {isa = PBXFileReference; fileEncoding = 4; lastKnownFileType = sourcecode.c.h; path = SBTServiceProtocol.h; sourceTree = "<group>"; };
		ADAAA0981FDAE8CD00073FF2 /* SBTPersonProviderProtocol.h */ = {isa = PBXFileReference; fileEncoding = 4; lastKnownFileType = sourcecode.c.h; path = SBTPersonProviderProtocol.h; sourceTree = "<group>"; };
		ADAAA0991FDAE8CD00073FF2 /* SBTPersonProvider.m */ = {isa = PBXFileReference; fileEncoding = 4; lastKnownFileType = sourcecode.c.objc; path = SBTPersonProvider.m; sourceTree = "<group>"; };
		ADAAA09A1FDAE8CD00073FF2 /* SBTService.m */ = {isa = PBXFileReference; fileEncoding = 4; lastKnownFileType = sourcecode.c.objc; path = SBTService.m; sourceTree = "<group>"; };
		ADAAA0A31FDAF44700073FF2 /* SBTServiceTests.m */ = {isa = PBXFileReference; lastKnownFileType = sourcecode.c.objc; path = SBTServiceTests.m; sourceTree = "<group>"; };
/* End PBXFileReference section */

/* Begin PBXFrameworksBuildPhase section */
		ADAAA0691FD84C2600073FF2 /* Frameworks */ = {
			isa = PBXFrameworksBuildPhase;
			buildActionMask = 2147483647;
			files = (
			);
			runOnlyForDeploymentPostprocessing = 0;
		};
		ADAAA0811FD84C2600073FF2 /* Frameworks */ = {
			isa = PBXFrameworksBuildPhase;
			buildActionMask = 2147483647;
			files = (
			);
			runOnlyForDeploymentPostprocessing = 0;
		};
/* End PBXFrameworksBuildPhase section */

/* Begin PBXGroup section */
		ADAAA0631FD84C2600073FF2 = {
			isa = PBXGroup;
			children = (
				ADAAA06E1FD84C2600073FF2 /* School_2 */,
				ADAAA0871FD84C2600073FF2 /* School_2Tests */,
				ADAAA06D1FD84C2600073FF2 /* Products */,
				ADAAA09E1FDAE8EA00073FF2 /* Frameworks */,
			);
			sourceTree = "<group>";
		};
		ADAAA06D1FD84C2600073FF2 /* Products */ = {
			isa = PBXGroup;
			children = (
				ADAAA06C1FD84C2600073FF2 /* School_2.app */,
				ADAAA0841FD84C2600073FF2 /* School_2Tests.xctest */,
			);
			name = Products;
			sourceTree = "<group>";
		};
		ADAAA06E1FD84C2600073FF2 /* School_2 */ = {
			isa = PBXGroup;
			children = (
				ADAAA06F1FD84C2600073FF2 /* AppDelegate.h */,
				ADAAA0701FD84C2600073FF2 /* AppDelegate.m */,
				ADAAA0721FD84C2600073FF2 /* ViewController.h */,
				ADAAA0731FD84C2600073FF2 /* ViewController.m */,
				ADAAA0951FDAE8CC00073FF2 /* SBTPerson.h */,
				ADAAA0941FDAE8CC00073FF2 /* SBTPerson.m */,
				ADAAA0961FDAE8CC00073FF2 /* SBTPersonProvider.h */,
				ADAAA0991FDAE8CD00073FF2 /* SBTPersonProvider.m */,
				ADAAA0981FDAE8CD00073FF2 /* SBTPersonProviderProtocol.h */,
				ADAAA0931FDAE8CC00073FF2 /* SBTService.h */,
				ADAAA09A1FDAE8CD00073FF2 /* SBTService.m */,
				ADAAA0971FDAE8CC00073FF2 /* SBTServiceProtocol.h */,
				ADAAA0751FD84C2600073FF2 /* Main.storyboard */,
				ADAAA0781FD84C2600073FF2 /* Assets.xcassets */,
				ADAAA07A1FD84C2600073FF2 /* LaunchScreen.storyboard */,
				ADAAA07D1FD84C2600073FF2 /* Info.plist */,
				ADAAA07E1FD84C2600073FF2 /* main.m */,
			);
			path = School_2;
			sourceTree = "<group>";
		};
		ADAAA0871FD84C2600073FF2 /* School_2Tests */ = {
			isa = PBXGroup;
			children = (
				ADAAA08A1FD84C2600073FF2 /* Info.plist */,
				ADAAA0A31FDAF44700073FF2 /* SBTServiceTests.m */,
			);
			path = School_2Tests;
			sourceTree = "<group>";
		};
		ADAAA09E1FDAE8EA00073FF2 /* Frameworks */ = {
			isa = PBXGroup;
			children = (
			);
			name = Frameworks;
			sourceTree = "<group>";
		};
/* End PBXGroup section */

/* Begin PBXNativeTarget section */
		ADAAA06B1FD84C2600073FF2 /* School_2 */ = {
			isa = PBXNativeTarget;
			buildConfigurationList = ADAAA08D1FD84C2600073FF2 /* Build configuration list for PBXNativeTarget "School_2" */;
			buildPhases = (
				ADAAA0681FD84C2600073FF2 /* Sources */,
				ADAAA0691FD84C2600073FF2 /* Frameworks */,
				ADAAA06A1FD84C2600073FF2 /* Resources */,
			);
			buildRules = (
			);
			dependencies = (
			);
			name = School_2;
			productName = School_2;
			productReference = ADAAA06C1FD84C2600073FF2 /* School_2.app */;
			productType = "com.apple.product-type.application";
		};
		ADAAA0831FD84C2600073FF2 /* School_2Tests */ = {
			isa = PBXNativeTarget;
			buildConfigurationList = ADAAA0901FD84C2600073FF2 /* Build configuration list for PBXNativeTarget "School_2Tests" */;
			buildPhases = (
				ADAAA0801FD84C2600073FF2 /* Sources */,
				ADAAA0811FD84C2600073FF2 /* Frameworks */,
				ADAAA0821FD84C2600073FF2 /* Resources */,
			);
			buildRules = (
			);
			dependencies = (
				ADAAA0861FD84C2600073FF2 /* PBXTargetDependency */,
			);
			name = School_2Tests;
			productName = School_2Tests;
			productReference = ADAAA0841FD84C2600073FF2 /* School_2Tests.xctest */;
			productType = "com.apple.product-type.bundle.unit-test";
		};
/* End PBXNativeTarget section */

/* Begin PBXProject section */
		ADAAA0641FD84C2600073FF2 /* Project object */ = {
			isa = PBXProject;
			attributes = {
				LastUpgradeCheck = 0920;
				ORGANIZATIONNAME = none;
				TargetAttributes = {
					ADAAA06B1FD84C2600073FF2 = {
						CreatedOnToolsVersion = 9.2;
						ProvisioningStyle = Automatic;
					};
					ADAAA0831FD84C2600073FF2 = {
						CreatedOnToolsVersion = 9.2;
						ProvisioningStyle = Automatic;
						TestTargetID = ADAAA06B1FD84C2600073FF2;
					};
				};
			};
			buildConfigurationList = ADAAA0671FD84C2600073FF2 /* Build configuration list for PBXProject "School_2" */;
			compatibilityVersion = "Xcode 8.0";
			developmentRegion = en;
			hasScannedForEncodings = 0;
			knownRegions = (
				en,
				Base,
			);
			mainGroup = ADAAA0631FD84C2600073FF2;
			productRefGroup = ADAAA06D1FD84C2600073FF2 /* Products */;
			projectDirPath = "";
			projectRoot = "";
			targets = (
				ADAAA06B1FD84C2600073FF2 /* School_2 */,
				ADAAA0831FD84C2600073FF2 /* School_2Tests */,
			);
		};
/* End PBXProject section */

/* Begin PBXResourcesBuildPhase section */
		ADAAA06A1FD84C2600073FF2 /* Resources */ = {
			isa = PBXResourcesBuildPhase;
			buildActionMask = 2147483647;
			files = (
				ADAAA07C1FD84C2600073FF2 /* LaunchScreen.storyboard in Resources */,
				ADAAA0791FD84C2600073FF2 /* Assets.xcassets in Resources */,
				ADAAA0771FD84C2600073FF2 /* Main.storyboard in Resources */,
			);
			runOnlyForDeploymentPostprocessing = 0;
		};
		ADAAA0821FD84C2600073FF2 /* Resources */ = {
			isa = PBXResourcesBuildPhase;
			buildActionMask = 2147483647;
			files = (
			);
			runOnlyForDeploymentPostprocessing = 0;
		};
/* End PBXResourcesBuildPhase section */

/* Begin PBXSourcesBuildPhase section */
		ADAAA0681FD84C2600073FF2 /* Sources */ = {
			isa = PBXSourcesBuildPhase;
			buildActionMask = 2147483647;
			files = (
				ADAAA0741FD84C2600073FF2 /* ViewController.m in Sources */,
				ADAAA07F1FD84C2600073FF2 /* main.m in Sources */,
				ADAAA09C1FDAE8CD00073FF2 /* SBTPersonProvider.m in Sources */,
				ADAAA09B1FDAE8CD00073FF2 /* SBTPerson.m in Sources */,
				ADAAA0711FD84C2600073FF2 /* AppDelegate.m in Sources */,
				ADAAA09D1FDAE8CD00073FF2 /* SBTService.m in Sources */,
			);
			runOnlyForDeploymentPostprocessing = 0;
		};
		ADAAA0801FD84C2600073FF2 /* Sources */ = {
			isa = PBXSourcesBuildPhase;
			buildActionMask = 2147483647;
			files = (
				ADAAA0A41FDAF44700073FF2 /* SBTServiceTests.m in Sources */,
			);
			runOnlyForDeploymentPostprocessing = 0;
		};
/* End PBXSourcesBuildPhase section */

/* Begin PBXTargetDependency section */
		ADAAA0861FD84C2600073FF2 /* PBXTargetDependency */ = {
			isa = PBXTargetDependency;
			target = ADAAA06B1FD84C2600073FF2 /* School_2 */;
			targetProxy = ADAAA0851FD84C2600073FF2 /* PBXContainerItemProxy */;
		};
/* End PBXTargetDependency section */

/* Begin PBXVariantGroup section */
		ADAAA0751FD84C2600073FF2 /* Main.storyboard */ = {
			isa = PBXVariantGroup;
			children = (
				ADAAA0761FD84C2600073FF2 /* Base */,
			);
			name = Main.storyboard;
			sourceTree = "<group>";
		};
		ADAAA07A1FD84C2600073FF2 /* LaunchScreen.storyboard */ = {
			isa = PBXVariantGroup;
			children = (
				ADAAA07B1FD84C2600073FF2 /* Base */,
			);
			name = LaunchScreen.storyboard;
			sourceTree = "<group>";
		};
/* End PBXVariantGroup section */

/* Begin XCBuildConfiguration section */
		ADAAA08B1FD84C2600073FF2 /* Debug */ = {
			isa = XCBuildConfiguration;
			buildSettings = {
				ALWAYS_SEARCH_USER_PATHS = NO;
				CLANG_ANALYZER_NONNULL = YES;
				CLANG_ANALYZER_NUMBER_OBJECT_CONVERSION = YES_AGGRESSIVE;
				CLANG_CXX_LANGUAGE_STANDARD = "gnu++14";
				CLANG_CXX_LIBRARY = "libc++";
				CLANG_ENABLE_MODULES = YES;
				CLANG_ENABLE_OBJC_ARC = YES;
				CLANG_WARN_BLOCK_CAPTURE_AUTORELEASING = YES;
				CLANG_WARN_BOOL_CONVERSION = YES;
				CLANG_WARN_COMMA = YES;
				CLANG_WARN_CONSTANT_CONVERSION = YES;
				CLANG_WARN_DIRECT_OBJC_ISA_USAGE = YES_ERROR;
				CLANG_WARN_DOCUMENTATION_COMMENTS = YES;
				CLANG_WARN_EMPTY_BODY = YES;
				CLANG_WARN_ENUM_CONVERSION = YES;
				CLANG_WARN_INFINITE_RECURSION = YES;
				CLANG_WARN_INT_CONVERSION = YES;
				CLANG_WARN_NON_LITERAL_NULL_CONVERSION = YES;
				CLANG_WARN_OBJC_LITERAL_CONVERSION = YES;
				CLANG_WARN_OBJC_ROOT_CLASS = YES_ERROR;
				CLANG_WARN_RANGE_LOOP_ANALYSIS = YES;
				CLANG_WARN_STRICT_PROTOTYPES = YES;
				CLANG_WARN_SUSPICIOUS_MOVE = YES;
				CLANG_WARN_UNGUARDED_AVAILABILITY = YES_AGGRESSIVE;
				CLANG_WARN_UNREACHABLE_CODE = YES;
				CLANG_WARN__DUPLICATE_METHOD_MATCH = YES;
				CODE_SIGN_IDENTITY = "iPhone Developer";
				COPY_PHASE_STRIP = NO;
				DEBUG_INFORMATION_FORMAT = dwarf;
				ENABLE_STRICT_OBJC_MSGSEND = YES;
				ENABLE_TESTABILITY = YES;
				GCC_C_LANGUAGE_STANDARD = gnu11;
				GCC_DYNAMIC_NO_PIC = NO;
				GCC_NO_COMMON_BLOCKS = YES;
				GCC_OPTIMIZATION_LEVEL = 0;
				GCC_PREPROCESSOR_DEFINITIONS = (
					"DEBUG=1",
					"$(inherited)",
				);
				GCC_WARN_64_TO_32_BIT_CONVERSION = YES;
				GCC_WARN_ABOUT_RETURN_TYPE = YES_ERROR;
				GCC_WARN_UNDECLARED_SELECTOR = YES;
				GCC_WARN_UNINITIALIZED_AUTOS = YES_AGGRESSIVE;
				GCC_WARN_UNUSED_FUNCTION = YES;
				GCC_WARN_UNUSED_VARIABLE = YES;
				IPHONEOS_DEPLOYMENT_TARGET = 11.2;
				MTL_ENABLE_DEBUG_INFO = YES;
				ONLY_ACTIVE_ARCH = YES;
				SDKROOT = iphoneos;
			};
			name = Debug;
		};
		ADAAA08C1FD84C2600073FF2 /* Release */ = {
			isa = XCBuildConfiguration;
			buildSettings = {
				ALWAYS_SEARCH_USER_PATHS = NO;
				CLANG_ANALYZER_NONNULL = YES;
				CLANG_ANALYZER_NUMBER_OBJECT_CONVERSION = YES_AGGRESSIVE;
				CLANG_CXX_LANGUAGE_STANDARD = "gnu++14";
				CLANG_CXX_LIBRARY = "libc++";
				CLANG_ENABLE_MODULES = YES;
				CLANG_ENABLE_OBJC_ARC = YES;
				CLANG_WARN_BLOCK_CAPTURE_AUTORELEASING = YES;
				CLANG_WARN_BOOL_CONVERSION = YES;
				CLANG_WARN_COMMA = YES;
				CLANG_WARN_CONSTANT_CONVERSION = YES;
				CLANG_WARN_DIRECT_OBJC_ISA_USAGE = YES_ERROR;
				CLANG_WARN_DOCUMENTATION_COMMENTS = YES;
				CLANG_WARN_EMPTY_BODY = YES;
				CLANG_WARN_ENUM_CONVERSION = YES;
				CLANG_WARN_INFINITE_RECURSION = YES;
				CLANG_WARN_INT_CONVERSION = YES;
				CLANG_WARN_NON_LITERAL_NULL_CONVERSION = YES;
				CLANG_WARN_OBJC_LITERAL_CONVERSION = YES;
				CLANG_WARN_OBJC_ROOT_CLASS = YES_ERROR;
				CLANG_WARN_RANGE_LOOP_ANALYSIS = YES;
				CLANG_WARN_STRICT_PROTOTYPES = YES;
				CLANG_WARN_SUSPICIOUS_MOVE = YES;
				CLANG_WARN_UNGUARDED_AVAILABILITY = YES_AGGRESSIVE;
				CLANG_WARN_UNREACHABLE_CODE = YES;
				CLANG_WARN__DUPLICATE_METHOD_MATCH = YES;
				CODE_SIGN_IDENTITY = "iPhone Developer";
				COPY_PHASE_STRIP = NO;
				DEBUG_INFORMATION_FORMAT = "dwarf-with-dsym";
				ENABLE_NS_ASSERTIONS = NO;
				ENABLE_STRICT_OBJC_MSGSEND = YES;
				GCC_C_LANGUAGE_STANDARD = gnu11;
				GCC_NO_COMMON_BLOCKS = YES;
				GCC_WARN_64_TO_32_BIT_CONVERSION = YES;
				GCC_WARN_ABOUT_RETURN_TYPE = YES_ERROR;
				GCC_WARN_UNDECLARED_SELECTOR = YES;
				GCC_WARN_UNINITIALIZED_AUTOS = YES_AGGRESSIVE;
				GCC_WARN_UNUSED_FUNCTION = YES;
				GCC_WARN_UNUSED_VARIABLE = YES;
				IPHONEOS_DEPLOYMENT_TARGET = 11.2;
				MTL_ENABLE_DEBUG_INFO = NO;
				SDKROOT = iphoneos;
				VALIDATE_PRODUCT = YES;
			};
			name = Release;
		};
		ADAAA08E1FD84C2600073FF2 /* Debug */ = {
			isa = XCBuildConfiguration;
			buildSettings = {
				ASSETCATALOG_COMPILER_APPICON_NAME = AppIcon;
				CODE_SIGN_STYLE = Automatic;
				INFOPLIST_FILE = School_2/Info.plist;
				IPHONEOS_DEPLOYMENT_TARGET = 9.0;
				LD_RUNPATH_SEARCH_PATHS = "$(inherited) @executable_path/Frameworks";
				PRODUCT_BUNDLE_IDENTIFIER = "ru.sbertech.School-2";
				PRODUCT_NAME = "$(TARGET_NAME)";
				TARGETED_DEVICE_FAMILY = "1,2";
			};
			name = Debug;
		};
		ADAAA08F1FD84C2600073FF2 /* Release */ = {
			isa = XCBuildConfiguration;
			buildSettings = {
				ASSETCATALOG_COMPILER_APPICON_NAME = AppIcon;
				CODE_SIGN_STYLE = Automatic;
				INFOPLIST_FILE = School_2/Info.plist;
				IPHONEOS_DEPLOYMENT_TARGET = 9.0;
				LD_RUNPATH_SEARCH_PATHS = "$(inherited) @executable_path/Frameworks";
				PRODUCT_BUNDLE_IDENTIFIER = "ru.sbertech.School-2";
				PRODUCT_NAME = "$(TARGET_NAME)";
				TARGETED_DEVICE_FAMILY = "1,2";
			};
			name = Release;
		};
		ADAAA0911FD84C2600073FF2 /* Debug */ = {
			isa = XCBuildConfiguration;
			buildSettings = {
				BUNDLE_LOADER = "$(TEST_HOST)";
				CODE_SIGN_STYLE = Automatic;
				FRAMEWORK_SEARCH_PATHS = (
					"$(inherited)",
					"$(PROJECT_DIR)",
				);
				INFOPLIST_FILE = School_2Tests/Info.plist;
				LD_RUNPATH_SEARCH_PATHS = "$(inherited) @executable_path/Frameworks @loader_path/Frameworks $(PROJECT_DIR)";
				PRODUCT_BUNDLE_IDENTIFIER = "ru.sbertech.School-2Tests";
				PRODUCT_NAME = "$(TARGET_NAME)";
				TARGETED_DEVICE_FAMILY = "1,2";
				TEST_HOST = "$(BUILT_PRODUCTS_DIR)/School_2.app/School_2";
			};
			name = Debug;
		};
		ADAAA0921FD84C2600073FF2 /* Release */ = {
			isa = XCBuildConfiguration;
			buildSettings = {
				BUNDLE_LOADER = "$(TEST_HOST)";
				CODE_SIGN_STYLE = Automatic;
				FRAMEWORK_SEARCH_PATHS = (
					"$(inherited)",
					"$(PROJECT_DIR)",
				);
				INFOPLIST_FILE = School_2Tests/Info.plist;
				LD_RUNPATH_SEARCH_PATHS = "$(inherited) @executable_path/Frameworks @loader_path/Frameworks $(PROJECT_DIR)";
				PRODUCT_BUNDLE_IDENTIFIER = "ru.sbertech.School-2Tests";
				PRODUCT_NAME = "$(TARGET_NAME)";
				TARGETED_DEVICE_FAMILY = "1,2";
				TEST_HOST = "$(BUILT_PRODUCTS_DIR)/School_2.app/School_2";
			};
			name = Release;
		};
/* End XCBuildConfiguration section */

/* Begin XCConfigurationList section */
		ADAAA0671FD84C2600073FF2 /* Build configuration list for PBXProject "School_2" */ = {
			isa = XCConfigurationList;
			buildConfigurations = (
				ADAAA08B1FD84C2600073FF2 /* Debug */,
				ADAAA08C1FD84C2600073FF2 /* Release */,
			);
			defaultConfigurationIsVisible = 0;
			defaultConfigurationName = Release;
		};
		ADAAA08D1FD84C2600073FF2 /* Build configuration list for PBXNativeTarget "School_2" */ = {
			isa = XCConfigurationList;
			buildConfigurations = (
				ADAAA08E1FD84C2600073FF2 /* Debug */,
				ADAAA08F1FD84C2600073FF2 /* Release */,
			);
			defaultConfigurationIsVisible = 0;
			defaultConfigurationName = Release;
		};
		ADAAA0901FD84C2600073FF2 /* Build configuration list for PBXNativeTarget "School_2Tests" */ = {
			isa = XCConfigurationList;
			buildConfigurations = (
				ADAAA0911FD84C2600073FF2 /* Debug */,
				ADAAA0921FD84C2600073FF2 /* Release */,
			);
			defaultConfigurationIsVisible = 0;
			defaultConfigurationName = Release;
		};
/* End XCConfigurationList section */
	};
	rootObject = ADAAA0641FD84C2600073FF2 /* Project object */;
}
